// !$*UTF8*$!
{
	archiveVersion = 1;
	classes = {
	};
	objectVersion = 50;
	objects = {

/* Begin PBXBuildFile section */
		99CCE66624CC01AD003A6C96 /* AppDelegate.swift in Sources */ = {isa = PBXBuildFile; fileRef = 99CCE66524CC01AD003A6C96 /* AppDelegate.swift */; };
		99CCE66824CC01AD003A6C96 /* ViewController.swift in Sources */ = {isa = PBXBuildFile; fileRef = 99CCE66724CC01AD003A6C96 /* ViewController.swift */; };
		99CCE66B24CC01AD003A6C96 /* Main.storyboard in Resources */ = {isa = PBXBuildFile; fileRef = 99CCE66924CC01AD003A6C96 /* Main.storyboard */; };
		99CCE66E24CC01AD003A6C96 /* login_Interface.xcdatamodeld in Sources */ = {isa = PBXBuildFile; fileRef = 99CCE66C24CC01AD003A6C96 /* login_Interface.xcdatamodeld */; };
		99CCE67024CC01B1003A6C96 /* Assets.xcassets in Resources */ = {isa = PBXBuildFile; fileRef = 99CCE66F24CC01B1003A6C96 /* Assets.xcassets */; };
		99CCE67324CC01B1003A6C96 /* LaunchScreen.storyboard in Resources */ = {isa = PBXBuildFile; fileRef = 99CCE67124CC01B1003A6C96 /* LaunchScreen.storyboard */; };
		99CCE67E24CC01B1003A6C96 /* login_InterfaceTests.swift in Sources */ = {isa = PBXBuildFile; fileRef = 99CCE67D24CC01B1003A6C96 /* login_InterfaceTests.swift */; };
		99CCE68924CC01B1003A6C96 /* login_InterfaceUITests.swift in Sources */ = {isa = PBXBuildFile; fileRef = 99CCE68824CC01B1003A6C96 /* login_InterfaceUITests.swift */; };
/* End PBXBuildFile section */

/* Begin PBXContainerItemProxy section */
		99CCE67A24CC01B1003A6C96 /* PBXContainerItemProxy */ = {
			isa = PBXContainerItemProxy;
			containerPortal = 99CCE65A24CC01AD003A6C96 /* Project object */;
			proxyType = 1;
			remoteGlobalIDString = 99CCE66124CC01AD003A6C96;
			remoteInfo = "login Interface";
		};
		99CCE68524CC01B1003A6C96 /* PBXContainerItemProxy */ = {
			isa = PBXContainerItemProxy;
			containerPortal = 99CCE65A24CC01AD003A6C96 /* Project object */;
			proxyType = 1;
			remoteGlobalIDString = 99CCE66124CC01AD003A6C96;
			remoteInfo = "login Interface";
		};
/* End PBXContainerItemProxy section */

/* Begin PBXFileReference section */
		99CCE66224CC01AD003A6C96 /* login Interface.app */ = {isa = PBXFileReference; explicitFileType = wrapper.application; includeInIndex = 0; path = "login Interface.app"; sourceTree = BUILT_PRODUCTS_DIR; };
		99CCE66524CC01AD003A6C96 /* AppDelegate.swift */ = {isa = PBXFileReference; lastKnownFileType = sourcecode.swift; path = AppDelegate.swift; sourceTree = "<group>"; };
		99CCE66724CC01AD003A6C96 /* ViewController.swift */ = {isa = PBXFileReference; lastKnownFileType = sourcecode.swift; path = ViewController.swift; sourceTree = "<group>"; };
		99CCE66A24CC01AD003A6C96 /* Base */ = {isa = PBXFileReference; lastKnownFileType = file.storyboard; name = Base; path = Base.lproj/Main.storyboard; sourceTree = "<group>"; };
		99CCE66D24CC01AD003A6C96 /* login_Interface.xcdatamodel */ = {isa = PBXFileReference; lastKnownFileType = wrapper.xcdatamodel; path = login_Interface.xcdatamodel; sourceTree = "<group>"; };
		99CCE66F24CC01B1003A6C96 /* Assets.xcassets */ = {isa = PBXFileReference; lastKnownFileType = folder.assetcatalog; path = Assets.xcassets; sourceTree = "<group>"; };
		99CCE67224CC01B1003A6C96 /* Base */ = {isa = PBXFileReference; lastKnownFileType = file.storyboard; name = Base; path = Base.lproj/LaunchScreen.storyboard; sourceTree = "<group>"; };
		99CCE67424CC01B1003A6C96 /* Info.plist */ = {isa = PBXFileReference; lastKnownFileType = text.plist.xml; path = Info.plist; sourceTree = "<group>"; };
		99CCE67924CC01B1003A6C96 /* login InterfaceTests.xctest */ = {isa = PBXFileReference; explicitFileType = wrapper.cfbundle; includeInIndex = 0; path = "login InterfaceTests.xctest"; sourceTree = BUILT_PRODUCTS_DIR; };
		99CCE67D24CC01B1003A6C96 /* login_InterfaceTests.swift */ = {isa = PBXFileReference; lastKnownFileType = sourcecode.swift; path = login_InterfaceTests.swift; sourceTree = "<group>"; };
		99CCE67F24CC01B1003A6C96 /* Info.plist */ = {isa = PBXFileReference; lastKnownFileType = text.plist.xml; path = Info.plist; sourceTree = "<group>"; };
		99CCE68424CC01B1003A6C96 /* login InterfaceUITests.xctest */ = {isa = PBXFileReference; explicitFileType = wrapper.cfbundle; includeInIndex = 0; path = "login InterfaceUITests.xctest"; sourceTree = BUILT_PRODUCTS_DIR; };
		99CCE68824CC01B1003A6C96 /* login_InterfaceUITests.swift */ = {isa = PBXFileReference; lastKnownFileType = sourcecode.swift; path = login_InterfaceUITests.swift; sourceTree = "<group>"; };
		99CCE68A24CC01B1003A6C96 /* Info.plist */ = {isa = PBXFileReference; lastKnownFileType = text.plist.xml; path = Info.plist; sourceTree = "<group>"; };
/* End PBXFileReference section */

/* Begin PBXFrameworksBuildPhase section */
		99CCE65F24CC01AD003A6C96 /* Frameworks */ = {
			isa = PBXFrameworksBuildPhase;
			buildActionMask = 2147483647;
			files = (
			);
			runOnlyForDeploymentPostprocessing = 0;
		};
		99CCE67624CC01B1003A6C96 /* Frameworks */ = {
			isa = PBXFrameworksBuildPhase;
			buildActionMask = 2147483647;
			files = (
			);
			runOnlyForDeploymentPostprocessing = 0;
		};
		99CCE68124CC01B1003A6C96 /* Frameworks */ = {
			isa = PBXFrameworksBuildPhase;
			buildActionMask = 2147483647;
			files = (
			);
			runOnlyForDeploymentPostprocessing = 0;
		};
/* End PBXFrameworksBuildPhase section */

/* Begin PBXGroup section */
		99CCE65924CC01AD003A6C96 = {
			isa = PBXGroup;
			children = (
				99CCE66424CC01AD003A6C96 /* login Interface */,
				99CCE67C24CC01B1003A6C96 /* login InterfaceTests */,
				99CCE68724CC01B1003A6C96 /* login InterfaceUITests */,
				99CCE66324CC01AD003A6C96 /* Products */,
			);
			sourceTree = "<group>";
		};
		99CCE66324CC01AD003A6C96 /* Products */ = {
			isa = PBXGroup;
			children = (
				99CCE66224CC01AD003A6C96 /* login Interface.app */,
				99CCE67924CC01B1003A6C96 /* login InterfaceTests.xctest */,
				99CCE68424CC01B1003A6C96 /* login InterfaceUITests.xctest */,
			);
			name = Products;
			sourceTree = "<group>";
		};
		99CCE66424CC01AD003A6C96 /* login Interface */ = {
			isa = PBXGroup;
			children = (
				99CCE66524CC01AD003A6C96 /* AppDelegate.swift */,
				99CCE66724CC01AD003A6C96 /* ViewController.swift */,
				99CCE66924CC01AD003A6C96 /* Main.storyboard */,
				99CCE66F24CC01B1003A6C96 /* Assets.xcassets */,
				99CCE67124CC01B1003A6C96 /* LaunchScreen.storyboard */,
				99CCE67424CC01B1003A6C96 /* Info.plist */,
				99CCE66C24CC01AD003A6C96 /* login_Interface.xcdatamodeld */,
			);
			path = "login Interface";
			sourceTree = "<group>";
		};
		99CCE67C24CC01B1003A6C96 /* login InterfaceTests */ = {
			isa = PBXGroup;
			children = (
				99CCE67D24CC01B1003A6C96 /* login_InterfaceTests.swift */,
				99CCE67F24CC01B1003A6C96 /* Info.plist */,
			);
			path = "login InterfaceTests";
			sourceTree = "<group>";
		};
		99CCE68724CC01B1003A6C96 /* login InterfaceUITests */ = {
			isa = PBXGroup;
			children = (
				99CCE68824CC01B1003A6C96 /* login_InterfaceUITests.swift */,
				99CCE68A24CC01B1003A6C96 /* Info.plist */,
			);
			path = "login InterfaceUITests";
			sourceTree = "<group>";
		};
/* End PBXGroup section */

/* Begin PBXNativeTarget section */
		99CCE66124CC01AD003A6C96 /* login Interface */ = {
			isa = PBXNativeTarget;
			buildConfigurationList = 99CCE68D24CC01B1003A6C96 /* Build configuration list for PBXNativeTarget "login Interface" */;
			buildPhases = (
				99CCE65E24CC01AD003A6C96 /* Sources */,
				99CCE65F24CC01AD003A6C96 /* Frameworks */,
				99CCE66024CC01AD003A6C96 /* Resources */,
			);
			buildRules = (
			);
			dependencies = (
			);
			name = "login Interface";
			productName = "login Interface";
			productReference = 99CCE66224CC01AD003A6C96 /* login Interface.app */;
			productType = "com.apple.product-type.application";
		};
		99CCE67824CC01B1003A6C96 /* login InterfaceTests */ = {
			isa = PBXNativeTarget;
			buildConfigurationList = 99CCE69024CC01B1003A6C96 /* Build configuration list for PBXNativeTarget "login InterfaceTests" */;
			buildPhases = (
				99CCE67524CC01B1003A6C96 /* Sources */,
				99CCE67624CC01B1003A6C96 /* Frameworks */,
				99CCE67724CC01B1003A6C96 /* Resources */,
			);
			buildRules = (
			);
			dependencies = (
				99CCE67B24CC01B1003A6C96 /* PBXTargetDependency */,
			);
			name = "login InterfaceTests";
			productName = "login InterfaceTests";
			productReference = 99CCE67924CC01B1003A6C96 /* login InterfaceTests.xctest */;
			productType = "com.apple.product-type.bundle.unit-test";
		};
		99CCE68324CC01B1003A6C96 /* login InterfaceUITests */ = {
			isa = PBXNativeTarget;
			buildConfigurationList = 99CCE69324CC01B1003A6C96 /* Build configuration list for PBXNativeTarget "login InterfaceUITests" */;
			buildPhases = (
				99CCE68024CC01B1003A6C96 /* Sources */,
				99CCE68124CC01B1003A6C96 /* Frameworks */,
				99CCE68224CC01B1003A6C96 /* Resources */,
			);
			buildRules = (
			);
			dependencies = (
				99CCE68624CC01B1003A6C96 /* PBXTargetDependency */,
			);
			name = "login InterfaceUITests";
			productName = "login InterfaceUITests";
			productReference = 99CCE68424CC01B1003A6C96 /* login InterfaceUITests.xctest */;
			productType = "com.apple.product-type.bundle.ui-testing";
		};
/* End PBXNativeTarget section */

/* Begin PBXProject section */
		99CCE65A24CC01AD003A6C96 /* Project object */ = {
			isa = PBXProject;
			attributes = {
				LastSwiftUpdateCheck = 1010;
				LastUpgradeCheck = 1010;
				ORGANIZATIONNAME = Lucifer;
				TargetAttributes = {
					99CCE66124CC01AD003A6C96 = {
						CreatedOnToolsVersion = 10.1;
					};
					99CCE67824CC01B1003A6C96 = {
						CreatedOnToolsVersion = 10.1;
						TestTargetID = 99CCE66124CC01AD003A6C96;
					};
					99CCE68324CC01B1003A6C96 = {
						CreatedOnToolsVersion = 10.1;
						TestTargetID = 99CCE66124CC01AD003A6C96;
					};
				};
			};
			buildConfigurationList = 99CCE65D24CC01AD003A6C96 /* Build configuration list for PBXProject "login Interface" */;
			compatibilityVersion = "Xcode 9.3";
			developmentRegion = en;
			hasScannedForEncodings = 0;
			knownRegions = (
				en,
				Base,
			);
			mainGroup = 99CCE65924CC01AD003A6C96;
			productRefGroup = 99CCE66324CC01AD003A6C96 /* Products */;
			projectDirPath = "";
			projectRoot = "";
			targets = (
				99CCE66124CC01AD003A6C96 /* login Interface */,
				99CCE67824CC01B1003A6C96 /* login InterfaceTests */,
				99CCE68324CC01B1003A6C96 /* login InterfaceUITests */,
			);
		};
/* End PBXProject section */

/* Begin PBXResourcesBuildPhase section */
		99CCE66024CC01AD003A6C96 /* Resources */ = {
			isa = PBXResourcesBuildPhase;
			buildActionMask = 2147483647;
			files = (
				99CCE67324CC01B1003A6C96 /* LaunchScreen.storyboard in Resources */,
				99CCE67024CC01B1003A6C96 /* Assets.xcassets in Resources */,
				99CCE66B24CC01AD003A6C96 /* Main.storyboard in Resources */,
			);
			runOnlyForDeploymentPostprocessing = 0;
		};
		99CCE67724CC01B1003A6C96 /* Resources */ = {
			isa = PBXResourcesBuildPhase;
			buildActionMask = 2147483647;
			files = (
			);
			runOnlyForDeploymentPostprocessing = 0;
		};
		99CCE68224CC01B1003A6C96 /* Resources */ = {
			isa = PBXResourcesBuildPhase;
			buildActionMask = 2147483647;
			files = (
			);
			runOnlyForDeploymentPostprocessing = 0;
		};
/* End PBXResourcesBuildPhase section */

/* Begin PBXSourcesBuildPhase section */
		99CCE65E24CC01AD003A6C96 /* Sources */ = {
			isa = PBXSourcesBuildPhase;
			buildActionMask = 2147483647;
			files = (
				99CCE66824CC01AD003A6C96 /* ViewController.swift in Sources */,
				99CCE66624CC01AD003A6C96 /* AppDelegate.swift in Sources */,
				99CCE66E24CC01AD003A6C96 /* login_Interface.xcdatamodeld in Sources */,
			);
			runOnlyForDeploymentPostprocessing = 0;
		};
		99CCE67524CC01B1003A6C96 /* Sources */ = {
			isa = PBXSourcesBuildPhase;
			buildActionMask = 2147483647;
			files = (
				99CCE67E24CC01B1003A6C96 /* login_InterfaceTests.swift in Sources */,
			);
			runOnlyForDeploymentPostprocessing = 0;
		};
		99CCE68024CC01B1003A6C96 /* Sources */ = {
			isa = PBXSourcesBuildPhase;
			buildActionMask = 2147483647;
			files = (
				99CCE68924CC01B1003A6C96 /* login_InterfaceUITests.swift in Sources */,
			);
			runOnlyForDeploymentPostprocessing = 0;
		};
/* End PBXSourcesBuildPhase section */

/* Begin PBXTargetDependency section */
		99CCE67B24CC01B1003A6C96 /* PBXTargetDependency */ = {
			isa = PBXTargetDependency;
			target = 99CCE66124CC01AD003A6C96 /* login Interface */;
			targetProxy = 99CCE67A24CC01B1003A6C96 /* PBXContainerItemProxy */;
		};
		99CCE68624CC01B1003A6C96 /* PBXTargetDependency */ = {
			isa = PBXTargetDependency;
			target = 99CCE66124CC01AD003A6C96 /* login Interface */;
			targetProxy = 99CCE68524CC01B1003A6C96 /* PBXContainerItemProxy */;
		};
/* End PBXTargetDependency section */

/* Begin PBXVariantGroup section */
		99CCE66924CC01AD003A6C96 /* Main.storyboard */ = {
			isa = PBXVariantGroup;
			children = (
				99CCE66A24CC01AD003A6C96 /* Base */,
			);
			name = Main.storyboard;
			sourceTree = "<group>";
		};
		99CCE67124CC01B1003A6C96 /* LaunchScreen.storyboard */ = {
			isa = PBXVariantGroup;
			children = (
				99CCE67224CC01B1003A6C96 /* Base */,
			);
			name = LaunchScreen.storyboard;
			sourceTree = "<group>";
		};
/* End PBXVariantGroup section */

/* Begin XCBuildConfiguration section */
		99CCE68B24CC01B1003A6C96 /* Debug */ = {
			isa = XCBuildConfiguration;
			buildSettings = {
				ALWAYS_SEARCH_USER_PATHS = NO;
				CLANG_ANALYZER_NONNULL = YES;
				CLANG_ANALYZER_NUMBER_OBJECT_CONVERSION = YES_AGGRESSIVE;
				CLANG_CXX_LANGUAGE_STANDARD = "gnu++14";
				CLANG_CXX_LIBRARY = "libc++";
				CLANG_ENABLE_MODULES = YES;
				CLANG_ENABLE_OBJC_ARC = YES;
				CLANG_ENABLE_OBJC_WEAK = YES;
				CLANG_WARN_BLOCK_CAPTURE_AUTORELEASING = YES;
				CLANG_WARN_BOOL_CONVERSION = YES;
				CLANG_WARN_COMMA = YES;
				CLANG_WARN_CONSTANT_CONVERSION = YES;
				CLANG_WARN_DEPRECATED_OBJC_IMPLEMENTATIONS = YES;
				CLANG_WARN_DIRECT_OBJC_ISA_USAGE = YES_ERROR;
				CLANG_WARN_DOCUMENTATION_COMMENTS = YES;
				CLANG_WARN_EMPTY_BODY = YES;
				CLANG_WARN_ENUM_CONVERSION = YES;
				CLANG_WARN_INFINITE_RECURSION = YES;
				CLANG_WARN_INT_CONVERSION = YES;
				CLANG_WARN_NON_LITERAL_NULL_CONVERSION = YES;
				CLANG_WARN_OBJC_IMPLICIT_RETAIN_SELF = YES;
				CLANG_WARN_OBJC_LITERAL_CONVERSION = YES;
				CLANG_WARN_OBJC_ROOT_CLASS = YES_ERROR;
				CLANG_WARN_RANGE_LOOP_ANALYSIS = YES;
				CLANG_WARN_STRICT_PROTOTYPES = YES;
				CLANG_WARN_SUSPICIOUS_MOVE = YES;
				CLANG_WARN_UNGUARDED_AVAILABILITY = YES_AGGRESSIVE;
				CLANG_WARN_UNREACHABLE_CODE = YES;
				CLANG_WARN__DUPLICATE_METHOD_MATCH = YES;
				CODE_SIGN_IDENTITY = "iPhone Developer";
				COPY_PHASE_STRIP = NO;
				DEBUG_INFORMATION_FORMAT = dwarf;
				ENABLE_STRICT_OBJC_MSGSEND = YES;
				ENABLE_TESTABILITY = YES;
				GCC_C_LANGUAGE_STANDARD = gnu11;
				GCC_DYNAMIC_NO_PIC = NO;
				GCC_NO_COMMON_BLOCKS = YES;
				GCC_OPTIMIZATION_LEVEL = 0;
				GCC_PREPROCESSOR_DEFINITIONS = (
					"DEBUG=1",
					"$(inherited)",
				);
				GCC_WARN_64_TO_32_BIT_CONVERSION = YES;
				GCC_WARN_ABOUT_RETURN_TYPE = YES_ERROR;
				GCC_WARN_UNDECLARED_SELECTOR = YES;
				GCC_WARN_UNINITIALIZED_AUTOS = YES_AGGRESSIVE;
				GCC_WARN_UNUSED_FUNCTION = YES;
				GCC_WARN_UNUSED_VARIABLE = YES;
				IPHONEOS_DEPLOYMENT_TARGET = 12.1;
				MTL_ENABLE_DEBUG_INFO = INCLUDE_SOURCE;
				MTL_FAST_MATH = YES;
				ONLY_ACTIVE_ARCH = YES;
				SDKROOT = iphoneos;
				SWIFT_ACTIVE_COMPILATION_CONDITIONS = DEBUG;
				SWIFT_OPTIMIZATION_LEVEL = "-Onone";
			};
			name = Debug;
		};
		99CCE68C24CC01B1003A6C96 /* Release */ = {
			isa = XCBuildConfiguration;
			buildSettings = {
				ALWAYS_SEARCH_USER_PATHS = NO;
				CLANG_ANALYZER_NONNULL = YES;
				CLANG_ANALYZER_NUMBER_OBJECT_CONVERSION = YES_AGGRESSIVE;
				CLANG_CXX_LANGUAGE_STANDARD = "gnu++14";
				CLANG_CXX_LIBRARY = "libc++";
				CLANG_ENABLE_MODULES = YES;
				CLANG_ENABLE_OBJC_ARC = YES;
				CLANG_ENABLE_OBJC_WEAK = YES;
				CLANG_WARN_BLOCK_CAPTURE_AUTORELEASING = YES;
				CLANG_WARN_BOOL_CONVERSION = YES;
				CLANG_WARN_COMMA = YES;
				CLANG_WARN_CONSTANT_CONVERSION = YES;
				CLANG_WARN_DEPRECATED_OBJC_IMPLEMENTATIONS = YES;
				CLANG_WARN_DIRECT_OBJC_ISA_USAGE = YES_ERROR;
				CLANG_WARN_DOCUMENTATION_COMMENTS = YES;
				CLANG_WARN_EMPTY_BODY = YES;
				CLANG_WARN_ENUM_CONVERSION = YES;
				CLANG_WARN_INFINITE_RECURSION = YES;
				CLANG_WARN_INT_CONVERSION = YES;
				CLANG_WARN_NON_LITERAL_NULL_CONVERSION = YES;
				CLANG_WARN_OBJC_IMPLICIT_RETAIN_SELF = YES;
				CLANG_WARN_OBJC_LITERAL_CONVERSION = YES;
				CLANG_WARN_OBJC_ROOT_CLASS = YES_ERROR;
				CLANG_WARN_RANGE_LOOP_ANALYSIS = YES;
				CLANG_WARN_STRICT_PROTOTYPES = YES;
				CLANG_WARN_SUSPICIOUS_MOVE = YES;
				CLANG_WARN_UNGUARDED_AVAILABILITY = YES_AGGRESSIVE;
				CLANG_WARN_UNREACHABLE_CODE = YES;
				CLANG_WARN__DUPLICATE_METHOD_MATCH = YES;
				CODE_SIGN_IDENTITY = "iPhone Developer";
				COPY_PHASE_STRIP = NO;
				DEBUG_INFORMATION_FORMAT = "dwarf-with-dsym";
				ENABLE_NS_ASSERTIONS = NO;
				ENABLE_STRICT_OBJC_MSGSEND = YES;
				GCC_C_LANGUAGE_STANDARD = gnu11;
				GCC_NO_COMMON_BLOCKS = YES;
				GCC_WARN_64_TO_32_BIT_CONVERSION = YES;
				GCC_WARN_ABOUT_RETURN_TYPE = YES_ERROR;
				GCC_WARN_UNDECLARED_SELECTOR = YES;
				GCC_WARN_UNINITIALIZED_AUTOS = YES_AGGRESSIVE;
				GCC_WARN_UNUSED_FUNCTION = YES;
				GCC_WARN_UNUSED_VARIABLE = YES;
				IPHONEOS_DEPLOYMENT_TARGET = 12.1;
				MTL_ENABLE_DEBUG_INFO = NO;
				MTL_FAST_MATH = YES;
				SDKROOT = iphoneos;
				SWIFT_COMPILATION_MODE = wholemodule;
				SWIFT_OPTIMIZATION_LEVEL = "-O";
				VALIDATE_PRODUCT = YES;
			};
			name = Release;
		};
		99CCE68E24CC01B1003A6C96 /* Debug */ = {
			isa = XCBuildConfiguration;
			buildSettings = {
				ASSETCATALOG_COMPILER_APPICON_NAME = AppIcon;
				CODE_SIGN_STYLE = Automatic;
				DEVELOPMENT_TEAM = 2VW845H29N;
				INFOPLIST_FILE = "login Interface/Info.plist";
				LD_RUNPATH_SEARCH_PATHS = (
					"$(inherited)",
					"@executable_path/Frameworks",
				);
				PRODUCT_BUNDLE_IDENTIFIER = "Organisational-Admini.login-Interface";
				PRODUCT_NAME = "$(TARGET_NAME)";
				SWIFT_VERSION = 4.2;
				TARGETED_DEVICE_FAMILY = "1,2";
			};
			name = Debug;
		};
		99CCE68F24CC01B1003A6C96 /* Release */ = {
			isa = XCBuildConfiguration;
			buildSettings = {
				ASSETCATALOG_COMPILER_APPICON_NAME = AppIcon;
				CODE_SIGN_STYLE = Automatic;
				DEVELOPMENT_TEAM = 2VW845H29N;
				INFOPLIST_FILE = "login Interface/Info.plist";
				LD_RUNPATH_SEARCH_PATHS = (
					"$(inherited)",
					"@executable_path/Frameworks",
				);
				PRODUCT_BUNDLE_IDENTIFIER = "Organisational-Admini.login-Interface";
				PRODUCT_NAME = "$(TARGET_NAME)";
				SWIFT_VERSION = 4.2;
				TARGETED_DEVICE_FAMILY = "1,2";
			};
			name = Release;
		};
		99CCE69124CC01B1003A6C96 /* Debug */ = {
			isa = XCBuildConfiguration;
			buildSettings = {
				ALWAYS_EMBED_SWIFT_STANDARD_LIBRARIES = YES;
				BUNDLE_LOADER = "$(TEST_HOST)";
				CODE_SIGN_STYLE = Automatic;
				DEVELOPMENT_TEAM = 2VW845H29N;
				INFOPLIST_FILE = "login InterfaceTests/Info.plist";
				LD_RUNPATH_SEARCH_PATHS = (
					"$(inherited)",
					"@executable_path/Frameworks",
					"@loader_path/Frameworks",
				);
				PRODUCT_BUNDLE_IDENTIFIER = "Organisational-Admini.login-InterfaceTests";
				PRODUCT_NAME = "$(TARGET_NAME)";
				SWIFT_VERSION = 4.2;
				TARGETED_DEVICE_FAMILY = "1,2";
				TEST_HOST = "$(BUILT_PRODUCTS_DIR)/login Interface.app/login Interface";
			};
			name = Debug;
		};
		99CCE69224CC01B1003A6C96 /* Release */ = {
			isa = XCBuildConfiguration;
			buildSettings = {
				ALWAYS_EMBED_SWIFT_STANDARD_LIBRARIES = YES;
				BUNDLE_LOADER = "$(TEST_HOST)";
				CODE_SIGN_STYLE = Automatic;
				DEVELOPMENT_TEAM = 2VW845H29N;
				INFOPLIST_FILE = "login InterfaceTests/Info.plist";
				LD_RUNPATH_SEARCH_PATHS = (
					"$(inherited)",
					"@executable_path/Frameworks",
					"@loader_path/Frameworks",
				);
				PRODUCT_BUNDLE_IDENTIFIER = "Organisational-Admini.login-InterfaceTests";
				PRODUCT_NAME = "$(TARGET_NAME)";
				SWIFT_VERSION = 4.2;
				TARGETED_DEVICE_FAMILY = "1,2";
				TEST_HOST = "$(BUILT_PRODUCTS_DIR)/login Interface.app/login Interface";
			};
			name = Release;
		};
		99CCE69424CC01B1003A6C96 /* Debug */ = {
			isa = XCBuildConfiguration;
			buildSettings = {
				ALWAYS_EMBED_SWIFT_STANDARD_LIBRARIES = YES;
				CODE_SIGN_STYLE = Automatic;
				DEVELOPMENT_TEAM = 2VW845H29N;
				INFOPLIST_FILE = "login InterfaceUITests/Info.plist";
				LD_RUNPATH_SEARCH_PATHS = (
					"$(inherited)",
					"@executable_path/Frameworks",
					"@loader_path/Frameworks",
				);
				PRODUCT_BUNDLE_IDENTIFIER = "Organisational-Admini.login-InterfaceUITests";
				PRODUCT_NAME = "$(TARGET_NAME)";
				SWIFT_VERSION = 4.2;
				TARGETED_DEVICE_FAMILY = "1,2";
				TEST_TARGET_NAME = "login Interface";
			};
			name = Debug;
		};
		99CCE69524CC01B1003A6C96 /* Release */ = {
			isa = XCBuildConfiguration;
			buildSettings = {
				ALWAYS_EMBED_SWIFT_STANDARD_LIBRARIES = YES;
				CODE_SIGN_STYLE = Automatic;
				DEVELOPMENT_TEAM = 2VW845H29N;
				INFOPLIST_FILE = "login InterfaceUITests/Info.plist";
				LD_RUNPATH_SEARCH_PATHS = (
					"$(inherited)",
					"@executable_path/Frameworks",
					"@loader_path/Frameworks",
				);
				PRODUCT_BUNDLE_IDENTIFIER = "Organisational-Admini.login-InterfaceUITests";
				PRODUCT_NAME = "$(TARGET_NAME)";
				SWIFT_VERSION = 4.2;
				TARGETED_DEVICE_FAMILY = "1,2";
				TEST_TARGET_NAME = "login Interface";
			};
			name = Release;
		};
/* End XCBuildConfiguration section */

/* Begin XCConfigurationList section */
		99CCE65D24CC01AD003A6C96 /* Build configuration list for PBXProject "login Interface" */ = {
			isa = XCConfigurationList;
			buildConfigurations = (
				99CCE68B24CC01B1003A6C96 /* Debug */,
				99CCE68C24CC01B1003A6C96 /* Release */,
			);
			defaultConfigurationIsVisible = 0;
			defaultConfigurationName = Release;
		};
		99CCE68D24CC01B1003A6C96 /* Build configuration list for PBXNativeTarget "login Interface" */ = {
			isa = XCConfigurationList;
			buildConfigurations = (
				99CCE68E24CC01B1003A6C96 /* Debug */,
				99CCE68F24CC01B1003A6C96 /* Release */,
			);
			defaultConfigurationIsVisible = 0;
			defaultConfigurationName = Release;
		};
		99CCE69024CC01B1003A6C96 /* Build configuration list for PBXNativeTarget "login InterfaceTests" */ = {
			isa = XCConfigurationList;
			buildConfigurations = (
				99CCE69124CC01B1003A6C96 /* Debug */,
				99CCE69224CC01B1003A6C96 /* Release */,
			);
			defaultConfigurationIsVisible = 0;
			defaultConfigurationName = Release;
		};
		99CCE69324CC01B1003A6C96 /* Build configuration list for PBXNativeTarget "login InterfaceUITests" */ = {
			isa = XCConfigurationList;
			buildConfigurations = (
				99CCE69424CC01B1003A6C96 /* Debug */,
				99CCE69524CC01B1003A6C96 /* Release */,
			);
			defaultConfigurationIsVisible = 0;
			defaultConfigurationName = Release;
		};
/* End XCConfigurationList section */

/* Begin XCVersionGroup section */
		99CCE66C24CC01AD003A6C96 /* login_Interface.xcdatamodeld */ = {
			isa = XCVersionGroup;
			children = (
				99CCE66D24CC01AD003A6C96 /* login_Interface.xcdatamodel */,
			);
			currentVersion = 99CCE66D24CC01AD003A6C96 /* login_Interface.xcdatamodel */;
			path = login_Interface.xcdatamodeld;
			sourceTree = "<group>";
			versionGroupType = wrapper.xcdatamodel;
		};
/* End XCVersionGroup section */
	};
	rootObject = 99CCE65A24CC01AD003A6C96 /* Project object */;
}
